<?xml version="1.0" encoding="utf-8"?>
<Project ToolsVersion="4.0" xmlns="http://schemas.microsoft.com/developer/msbuild/2003">
  <ItemGroup>
    <Filter Include="Source Files">
      <UniqueIdentifier>{1fda79c5-5075-4cf6-970c-34e75ce6b3ad}</UniqueIdentifier>
      <Extensions>cpp;c;cxx;rc;def;r;odl;idl;hpj;bat</Extensions>
    </Filter>
    <Filter Include="Header Files">
      <UniqueIdentifier>{d0d73c68-7c31-422b-b9ff-bf4c999bce84}</UniqueIdentifier>
      <Extensions>h;hpp;hxx;hm;inl</Extensions>
    </Filter>
  </ItemGroup>
  <ItemGroup>
    <ClCompile Include="AboutDlg.cpp">
      <Filter>Source Files</Filter>
    </ClCompile>
    <ClCompile Include="BitArray.cpp">
      <Filter>Source Files</Filter>
    </ClCompile>
    <ClCompile Include="CommonLib.cpp">
      <Filter>Source Files</Filter>
    </ClCompile>
    <ClCompile Include="ErrorReport.cpp">
      <Filter>Source Files</Filter>
    </ClCompile>
    <ClCompile Include="GPDialog.cpp">
      <Filter>Source Files</Filter>
    </ClCompile>
    <ClCompile Include="Progress.cpp">
      <Filter>Source Files</Filter>
    </ClCompile>
    <ClCompile Include="StaticLink.cpp">
      <Filter>Source Files</Filter>
    </ClCompile>
    <ClCompile Include="StdAfx.cpp">
      <Filter>Source Files</Filter>
    </ClCompile>
  </ItemGroup>
  <ItemGroup>
    <ResourceCompile Include="CommonLib.rc">
      <Filter>Source Files</Filter>
    </ResourceCompile>
  </ItemGroup>
  <ItemGroup>
    <ClInclude Include="AboutDlg.h">
      <Filter>Header Files</Filter>
    </ClInclude>
    <ClInclude Include="BitArray.h">
      <Filter>Header Files</Filter>
    </ClInclude>
    <ClInclude Include="clresource.h">
      <Filter>Header Files</Filter>
    </ClInclude>
    <ClInclude Include="CommonLib.h">
      <Filter>Header Files</Filter>
    </ClInclude>
    <ClInclude Include="ErrorReport.h">
      <Filter>Header Files</Filter>
    </ClInclude>
    <ClInclude Include="GPDialog.h">
      <Filter>Header Files</Filter>
    </ClInclude>
    <ClInclude Include="Progress.h">
      <Filter>Header Files</Filter>
    </ClInclude>
    <ClInclude Include="StaticLink.h">
      <Filter>Header Files</Filter>
    </ClInclude>
    <ClInclude Include="StdAfx.h">
      <Filter>Header Files</Filter>
    </ClInclude>
  </ItemGroup>
  <ItemGroup>
    <None Include="res\H_POINT.CUR" />
    <None Include="H_POINT.CUR" />
    <None Include="res\Logo.bmp" />
    <None Include="Readme.txt" />
  </ItemGroup>
</Project>